{
  "name": "react",
  "version": "1.0.0",
  "lockfileVersion": 1,
  "requires": true,
  "dependencies": {
    "hamt_plus": {
      "version": "1.0.2",
      "resolved": "https://registry.npmjs.org/hamt_plus/-/hamt_plus-1.0.2.tgz",
      "integrity": "sha1-4hwlKWjH4zsg9qGwlM2FeHomVgE="
    },
    "recoil": {
      "version": "0.4.1",
      "resolved": "https://registry.npmjs.org/recoil/-/recoil-0.4.1.tgz",
      "integrity": "sha512-vp6KPwlHOjJ4bJofmdDchmgI9ilMTCoUisK8/WYLl8dThH7e7KmtZttiLgvDb2Em99dUfTEsk8vT8L1nUMgqXQ==",
      "requires": {
        "hamt_plus": "1.0.2"
      }
    }
  }
}
